{
  "name": "bundle",
  "version": "1.0.0",
  "lockfileVersion": 1,
  "requires": true,
  "dependencies": {
    "@arc-fusion/cli": {
      "version": "0.1.40",
      "resolved": "https://registry.npmjs.org/@arc-fusion/cli/-/cli-0.1.40.tgz",
      "integrity": "sha512-IOWa5sH6+twR0yEO79XSnw9Kiepdi++jiSpjQS/3g/zBHPJS1lW5/2w0vOWl4zZLrhJ5wxRf5QaCWosnV/S7tg==",
      "dev": true
    }
  }
}
